hash: 0310519a5ae7117582f3223639480f7520d3d779646e4dc5e6d8b4dc40512169
updated: 2016-06-13T15:22:44.051783008+02:00
imports:
- name: github.com/boltdb/bolt
  version: 05e441d7b3ded9164c5b912521504e7711dd0ba2
- name: github.com/ehmry/go-bencode
  version: 41dc720d46b60ea6957b4e11ddd5a3cc45e15142
- name: github.com/ehmry/go-cjdns
  version: 7745c8e4133dd63daba87f807a9e59567886f687
  subpackages:
  - admin
  - key
- name: golang.org/x/crypto
  version: f3241ce8505855877cc8a9717bd61a0f7c4ea83c
  subpackages:
  - bcrypt
  - curve25519
  - blowfish
- name: golang.org/x/sys
  version: 7f918dd405547ecb864d14a8ecbbfe205b5f930f
  subpackages:
  - unix
devImports: []
