hash: 0310519a5ae7117582f3223639480f7520d3d779646e4dc5e6d8b4dc40512169
updated: 2016-06-16T17:45:32.335480586+02:00
imports:
- name: github.com/boltdb/bolt
  version: 05e441d7b3ded9164c5b912521504e7711dd0ba2
- name: github.com/ehmry/go-bencode
  version: 41dc720d46b60ea6957b4e11ddd5a3cc45e15142
- name: github.com/ehmry/go-cjdns
  version: 42813f6f0f9444d6ef1c8f5c022e91a8e4f4fe1f
  subpackages:
  - admin
  - key
- name: golang.org/x/crypto
  version: f3241ce8505855877cc8a9717bd61a0f7c4ea83c
  subpackages:
  - bcrypt
  - curve25519
  - blowfish
- name: golang.org/x/sys
  version: 62bee037599929a6e9146f29d10dd5208c43507d
  subpackages:
  - unix
devImports: []
