hash: dd8062b4ff6d482955d73219c7ce2110f07aa2b353eec0dfc8407042a5307bfb
updated: 2016-07-01T17:08:10.99749397+02:00
imports:
- name: github.com/boltdb/bolt
  version: 3f7947a25d970e1e5f512276c14d5dcf731ccd5e
- name: github.com/ehmry/go-bencode
  version: 41dc720d46b60ea6957b4e11ddd5a3cc45e15142
- name: github.com/willeponken/go-cjdns
  version: b68d38c777e96e2442aa6c7d40eb7ced23b771f1
  subpackages:
  - key
  - admin
- name: golang.org/x/crypto
  version: 811831de4c4dd03a0b8737233af3b36852386373
  subpackages:
  - bcrypt
  - curve25519
  - blowfish
- name: golang.org/x/sys
  version: 62bee037599929a6e9146f29d10dd5208c43507d
  subpackages:
  - unix
devImports: []
