# This file is autogenerated, do not edit; changes may be undone by the next 'dep ensure'.


[[projects]]
  name = "github.com/boltdb/bolt"
  packages = ["."]
  revision = "3f7947a25d970e1e5f512276c14d5dcf731ccd5e"

[[projects]]
  name = "github.com/ehmry/go-bencode"
  packages = ["."]
  revision = "41dc720d46b60ea6957b4e11ddd5a3cc45e15142"
  version = "v1.1.1"

[[projects]]
  branch = "deps-quickfix"
  name = "github.com/willeponken/go-cjdns"
  packages = ["admin","key"]
  revision = "b68d38c777e96e2442aa6c7d40eb7ced23b771f1"

[[projects]]
  name = "golang.org/x/crypto"
  packages = ["bcrypt","blowfish","curve25519"]
  revision = "811831de4c4dd03a0b8737233af3b36852386373"

[[projects]]
  name = "golang.org/x/sys"
  packages = ["unix"]
  revision = "62bee037599929a6e9146f29d10dd5208c43507d"

[solve-meta]
  analyzer-name = "dep"
  analyzer-version = 1
  inputs-digest = "82d33a95ce8fe51330a30d28ec2f0f160884a4738b77511b7624936888c6edc9"
  solver-name = "gps-cdcl"
  solver-version = 1
